// !$*UTF8*$!
{
	archiveVersion = 1;
	classes = {
	};
	objectVersion = 48;
	objects = {

/* Begin PBXBuildFile section */
		470B57A71F7C5084005BF5DA /* HotKey.swift in Sources */ = {isa = PBXBuildFile; fileRef = 470B57A21F7C5083005BF5DA /* HotKey.swift */; };
		470B57A81F7C5084005BF5DA /* HotKeysController.swift in Sources */ = {isa = PBXBuildFile; fileRef = 470B57A31F7C5084005BF5DA /* HotKeysController.swift */; };
		470B57A91F7C5084005BF5DA /* Key.swift in Sources */ = {isa = PBXBuildFile; fileRef = 470B57A41F7C5084005BF5DA /* Key.swift */; };
		470B57AA1F7C5084005BF5DA /* NSEventModifierFlags+HotKey.swift in Sources */ = {isa = PBXBuildFile; fileRef = 470B57A51F7C5084005BF5DA /* NSEventModifierFlags+HotKey.swift */; };
		470B57AB1F7C5084005BF5DA /* KeyCombo.swift in Sources */ = {isa = PBXBuildFile; fileRef = 470B57A61F7C5084005BF5DA /* KeyCombo.swift */; };
		470B57AE1F7C5FE8005BF5DA /* CustomTableViewCell.swift in Sources */ = {isa = PBXBuildFile; fileRef = 470B57AD1F7C5FE8005BF5DA /* CustomTableViewCell.swift */; };
		474F53FA1F8987260013F607 /* CustomButton.swift in Sources */ = {isa = PBXBuildFile; fileRef = 474F53F91F8987260013F607 /* CustomButton.swift */; };
		47CA39AE1F80616900C01F43 /* AppUpdateFunctions.swift in Sources */ = {isa = PBXBuildFile; fileRef = 47CA39AD1F80616900C01F43 /* AppUpdateFunctions.swift */; };
		47CA39B01F80625B00C01F43 /* Helper.swift in Sources */ = {isa = PBXBuildFile; fileRef = 47CA39AF1F80625B00C01F43 /* Helper.swift */; };
		AD988B841F1D23CB002C6B61 /* AppDelegate.swift in Sources */ = {isa = PBXBuildFile; fileRef = AD988B831F1D23CB002C6B61 /* AppDelegate.swift */; };
		AD988B881F1D23CB002C6B61 /* Assets.xcassets in Resources */ = {isa = PBXBuildFile; fileRef = AD988B871F1D23CB002C6B61 /* Assets.xcassets */; };
		AD988B8B1F1D23CB002C6B61 /* Main.storyboard in Resources */ = {isa = PBXBuildFile; fileRef = AD988B891F1D23CB002C6B61 /* Main.storyboard */; };
		AD988B941F1EB50C002C6B61 /* MainViewController.swift in Sources */ = {isa = PBXBuildFile; fileRef = AD988B931F1EB50C002C6B61 /* MainViewController.swift */; };
		AD988B9C1F20DA37002C6B61 /* EventMonitor.swift in Sources */ = {isa = PBXBuildFile; fileRef = AD988B9B1F20DA37002C6B61 /* EventMonitor.swift */; };
/* End PBXBuildFile section */

/* Begin PBXFileReference section */
		470654BB1F7730BE00E75BFF /* Info.plist */ = {isa = PBXFileReference; lastKnownFileType = text.plist.xml; path = Info.plist; sourceTree = "<group>"; };
		470B57A21F7C5083005BF5DA /* HotKey.swift */ = {isa = PBXFileReference; lastKnownFileType = sourcecode.swift; path = HotKey.swift; sourceTree = "<group>"; };
		470B57A31F7C5084005BF5DA /* HotKeysController.swift */ = {isa = PBXFileReference; lastKnownFileType = sourcecode.swift; path = HotKeysController.swift; sourceTree = "<group>"; };
		470B57A41F7C5084005BF5DA /* Key.swift */ = {isa = PBXFileReference; lastKnownFileType = sourcecode.swift; path = Key.swift; sourceTree = "<group>"; };
		470B57A51F7C5084005BF5DA /* NSEventModifierFlags+HotKey.swift */ = {isa = PBXFileReference; lastKnownFileType = sourcecode.swift; path = "NSEventModifierFlags+HotKey.swift"; sourceTree = "<group>"; };
		470B57A61F7C5084005BF5DA /* KeyCombo.swift */ = {isa = PBXFileReference; lastKnownFileType = sourcecode.swift; path = KeyCombo.swift; sourceTree = "<group>"; };
		470B57AD1F7C5FE8005BF5DA /* CustomTableViewCell.swift */ = {isa = PBXFileReference; lastKnownFileType = sourcecode.swift; path = CustomTableViewCell.swift; sourceTree = "<group>"; };
		474F53F91F8987260013F607 /* CustomButton.swift */ = {isa = PBXFileReference; lastKnownFileType = sourcecode.swift; path = CustomButton.swift; sourceTree = "<group>"; };
		47CA39AD1F80616900C01F43 /* AppUpdateFunctions.swift */ = {isa = PBXFileReference; lastKnownFileType = sourcecode.swift; path = AppUpdateFunctions.swift; sourceTree = "<group>"; };
		47CA39AF1F80625B00C01F43 /* Helper.swift */ = {isa = PBXFileReference; lastKnownFileType = sourcecode.swift; path = Helper.swift; sourceTree = "<group>"; };
		AD988B801F1D23CB002C6B61 /* tassk.app */ = {isa = PBXFileReference; explicitFileType = wrapper.application; includeInIndex = 0; path = tassk.app; sourceTree = BUILT_PRODUCTS_DIR; };
		AD988B831F1D23CB002C6B61 /* AppDelegate.swift */ = {isa = PBXFileReference; lastKnownFileType = sourcecode.swift; path = AppDelegate.swift; sourceTree = "<group>"; };
		AD988B871F1D23CB002C6B61 /* Assets.xcassets */ = {isa = PBXFileReference; lastKnownFileType = folder.assetcatalog; path = Assets.xcassets; sourceTree = "<group>"; };
		AD988B8A1F1D23CB002C6B61 /* Base */ = {isa = PBXFileReference; lastKnownFileType = file.storyboard; name = Base; path = Base.lproj/Main.storyboard; sourceTree = "<group>"; };
		AD988B931F1EB50C002C6B61 /* MainViewController.swift */ = {isa = PBXFileReference; lastKnownFileType = sourcecode.swift; path = MainViewController.swift; sourceTree = "<group>"; };
		AD988B9B1F20DA37002C6B61 /* EventMonitor.swift */ = {isa = PBXFileReference; lastKnownFileType = sourcecode.swift; path = EventMonitor.swift; sourceTree = "<group>"; };
/* End PBXFileReference section */

/* Begin PBXFrameworksBuildPhase section */
		AD988B7D1F1D23CB002C6B61 /* Frameworks */ = {
			isa = PBXFrameworksBuildPhase;
			buildActionMask = 2147483647;
			files = (
			);
			runOnlyForDeploymentPostprocessing = 0;
		};
/* End PBXFrameworksBuildPhase section */

/* Begin PBXGroup section */
		470B57AC1F7C526F005BF5DA /* Hotkey */ = {
			isa = PBXGroup;
			children = (
				470B57A21F7C5083005BF5DA /* HotKey.swift */,
				470B57A31F7C5084005BF5DA /* HotKeysController.swift */,
				470B57A41F7C5084005BF5DA /* Key.swift */,
				470B57A61F7C5084005BF5DA /* KeyCombo.swift */,
				470B57A51F7C5084005BF5DA /* NSEventModifierFlags+HotKey.swift */,
			);
			path = Hotkey;
			sourceTree = "<group>";
		};
		AD988B771F1D23CB002C6B61 = {
			isa = PBXGroup;
			children = (
				AD988B821F1D23CB002C6B61 /* tassk */,
				AD988B811F1D23CB002C6B61 /* Products */,
			);
			indentWidth = 2;
			sourceTree = "<group>";
			tabWidth = 2;
		};
		AD988B811F1D23CB002C6B61 /* Products */ = {
			isa = PBXGroup;
			children = (
				AD988B801F1D23CB002C6B61 /* tassk.app */,
			);
			name = Products;
			sourceTree = "<group>";
		};
		AD988B821F1D23CB002C6B61 /* tassk */ = {
			isa = PBXGroup;
			children = (
				470654BB1F7730BE00E75BFF /* Info.plist */,
				470B57AC1F7C526F005BF5DA /* Hotkey */,
				AD988B831F1D23CB002C6B61 /* AppDelegate.swift */,
				AD988B9B1F20DA37002C6B61 /* EventMonitor.swift */,
				AD988B931F1EB50C002C6B61 /* MainViewController.swift */,
				47CA39AD1F80616900C01F43 /* AppUpdateFunctions.swift */,
				47CA39AF1F80625B00C01F43 /* Helper.swift */,
				470B57AD1F7C5FE8005BF5DA /* CustomTableViewCell.swift */,
				474F53F91F8987260013F607 /* CustomButton.swift */,
				AD988B871F1D23CB002C6B61 /* Assets.xcassets */,
				AD988B891F1D23CB002C6B61 /* Main.storyboard */,
			);
			path = tassk;
			sourceTree = "<group>";
		};
/* End PBXGroup section */

/* Begin PBXNativeTarget section */
		AD988B7F1F1D23CB002C6B61 /* tassk */ = {
			isa = PBXNativeTarget;
			buildConfigurationList = AD988B901F1D23CB002C6B61 /* Build configuration list for PBXNativeTarget "tassk" */;
			buildPhases = (
				AD988B7C1F1D23CB002C6B61 /* Sources */,
				AD988B7D1F1D23CB002C6B61 /* Frameworks */,
				AD988B7E1F1D23CB002C6B61 /* Resources */,
			);
			buildRules = (
			);
			dependencies = (
			);
			name = tassk;
			productName = Quotes;
			productReference = AD988B801F1D23CB002C6B61 /* tassk.app */;
			productType = "com.apple.product-type.application";
		};
/* End PBXNativeTarget section */

/* Begin PBXProject section */
		AD988B781F1D23CB002C6B61 /* Project object */ = {
			isa = PBXProject;
			attributes = {
				LastSwiftUpdateCheck = 0900;
				LastUpgradeCheck = 0900;
				ORGANIZATIONNAME = "Razeware LLC";
				TargetAttributes = {
					AD988B7F1F1D23CB002C6B61 = {
						CreatedOnToolsVersion = 9.0;
						ProvisioningStyle = Automatic;
						SystemCapabilities = {
							com.apple.Sandbox = {
								enabled = 0;
							};
						};
					};
				};
			};
			buildConfigurationList = AD988B7B1F1D23CB002C6B61 /* Build configuration list for PBXProject "tassk" */;
			compatibilityVersion = "Xcode 8.0";
			developmentRegion = en;
			hasScannedForEncodings = 0;
			knownRegions = (
				en,
				Base,
			);
			mainGroup = AD988B771F1D23CB002C6B61;
			productRefGroup = AD988B811F1D23CB002C6B61 /* Products */;
			projectDirPath = "";
			projectRoot = "";
			targets = (
				AD988B7F1F1D23CB002C6B61 /* tassk */,
			);
		};
/* End PBXProject section */

/* Begin PBXResourcesBuildPhase section */
		AD988B7E1F1D23CB002C6B61 /* Resources */ = {
			isa = PBXResourcesBuildPhase;
			buildActionMask = 2147483647;
			files = (
				AD988B881F1D23CB002C6B61 /* Assets.xcassets in Resources */,
				AD988B8B1F1D23CB002C6B61 /* Main.storyboard in Resources */,
			);
			runOnlyForDeploymentPostprocessing = 0;
		};
/* End PBXResourcesBuildPhase section */

/* Begin PBXSourcesBuildPhase section */
		AD988B7C1F1D23CB002C6B61 /* Sources */ = {
			isa = PBXSourcesBuildPhase;
			buildActionMask = 2147483647;
			files = (
				47CA39B01F80625B00C01F43 /* Helper.swift in Sources */,
				470B57AE1F7C5FE8005BF5DA /* CustomTableViewCell.swift in Sources */,
				470B57A81F7C5084005BF5DA /* HotKeysController.swift in Sources */,
				470B57AA1F7C5084005BF5DA /* NSEventModifierFlags+HotKey.swift in Sources */,
				470B57AB1F7C5084005BF5DA /* KeyCombo.swift in Sources */,
				AD988B841F1D23CB002C6B61 /* AppDelegate.swift in Sources */,
				AD988B941F1EB50C002C6B61 /* MainViewController.swift in Sources */,
				47CA39AE1F80616900C01F43 /* AppUpdateFunctions.swift in Sources */,
				474F53FA1F8987260013F607 /* CustomButton.swift in Sources */,
				AD988B9C1F20DA37002C6B61 /* EventMonitor.swift in Sources */,
				470B57A71F7C5084005BF5DA /* HotKey.swift in Sources */,
				470B57A91F7C5084005BF5DA /* Key.swift in Sources */,
			);
			runOnlyForDeploymentPostprocessing = 0;
		};
/* End PBXSourcesBuildPhase section */

/* Begin PBXVariantGroup section */
		AD988B891F1D23CB002C6B61 /* Main.storyboard */ = {
			isa = PBXVariantGroup;
			children = (
				AD988B8A1F1D23CB002C6B61 /* Base */,
			);
			name = Main.storyboard;
			sourceTree = "<group>";
		};
/* End PBXVariantGroup section */

/* Begin XCBuildConfiguration section */
		AD988B8E1F1D23CB002C6B61 /* Debug */ = {
			isa = XCBuildConfiguration;
			buildSettings = {
				ALWAYS_SEARCH_USER_PATHS = NO;
				CLANG_ANALYZER_NONNULL = YES;
				CLANG_ANALYZER_NUMBER_OBJECT_CONVERSION = YES_AGGRESSIVE;
				CLANG_CXX_LANGUAGE_STANDARD = "gnu++14";
				CLANG_CXX_LIBRARY = "libc++";
				CLANG_ENABLE_MODULES = YES;
				CLANG_ENABLE_OBJC_ARC = YES;
				CLANG_WARN_BLOCK_CAPTURE_AUTORELEASING = YES;
				CLANG_WARN_BOOL_CONVERSION = YES;
				CLANG_WARN_COMMA = YES;
				CLANG_WARN_CONSTANT_CONVERSION = YES;
				CLANG_WARN_DIRECT_OBJC_ISA_USAGE = YES_ERROR;
				CLANG_WARN_DOCUMENTATION_COMMENTS = YES;
				CLANG_WARN_EMPTY_BODY = YES;
				CLANG_WARN_ENUM_CONVERSION = YES;
				CLANG_WARN_INFINITE_RECURSION = YES;
				CLANG_WARN_INT_CONVERSION = YES;
				CLANG_WARN_NON_LITERAL_NULL_CONVERSION = YES;
				CLANG_WARN_OBJC_LITERAL_CONVERSION = YES;
				CLANG_WARN_OBJC_ROOT_CLASS = YES_ERROR;
				CLANG_WARN_RANGE_LOOP_ANALYSIS = YES;
				CLANG_WARN_STRICT_PROTOTYPES = YES;
				CLANG_WARN_SUSPICIOUS_MOVE = YES;
				CLANG_WARN_UNGUARDED_AVAILABILITY = YES_AGGRESSIVE;
				CLANG_WARN_UNREACHABLE_CODE = YES;
				CLANG_WARN__DUPLICATE_METHOD_MATCH = YES;
				CODE_SIGN_IDENTITY = "-";
				COPY_PHASE_STRIP = NO;
				DEBUG_INFORMATION_FORMAT = dwarf;
				ENABLE_STRICT_OBJC_MSGSEND = YES;
				ENABLE_TESTABILITY = YES;
				GCC_C_LANGUAGE_STANDARD = gnu11;
				GCC_DYNAMIC_NO_PIC = NO;
				GCC_NO_COMMON_BLOCKS = YES;
				GCC_OPTIMIZATION_LEVEL = 0;
				GCC_PREPROCESSOR_DEFINITIONS = (
					"DEBUG=1",
					"$(inherited)",
				);
				GCC_WARN_64_TO_32_BIT_CONVERSION = YES;
				GCC_WARN_ABOUT_RETURN_TYPE = YES_ERROR;
				GCC_WARN_UNDECLARED_SELECTOR = YES;
				GCC_WARN_UNINITIALIZED_AUTOS = YES_AGGRESSIVE;
				GCC_WARN_UNUSED_FUNCTION = YES;
				GCC_WARN_UNUSED_VARIABLE = YES;
				MACOSX_DEPLOYMENT_TARGET = 10.12;
				MTL_ENABLE_DEBUG_INFO = YES;
				ONLY_ACTIVE_ARCH = YES;
				SDKROOT = macosx;
				SWIFT_ACTIVE_COMPILATION_CONDITIONS = DEBUG;
				SWIFT_OPTIMIZATION_LEVEL = "-Onone";
			};
			name = Debug;
		};
		AD988B8F1F1D23CB002C6B61 /* Release */ = {
			isa = XCBuildConfiguration;
			buildSettings = {
				ALWAYS_SEARCH_USER_PATHS = NO;
				CLANG_ANALYZER_NONNULL = YES;
				CLANG_ANALYZER_NUMBER_OBJECT_CONVERSION = YES_AGGRESSIVE;
				CLANG_CXX_LANGUAGE_STANDARD = "gnu++14";
				CLANG_CXX_LIBRARY = "libc++";
				CLANG_ENABLE_MODULES = YES;
				CLANG_ENABLE_OBJC_ARC = YES;
				CLANG_WARN_BLOCK_CAPTURE_AUTORELEASING = YES;
				CLANG_WARN_BOOL_CONVERSION = YES;
				CLANG_WARN_COMMA = YES;
				CLANG_WARN_CONSTANT_CONVERSION = YES;
				CLANG_WARN_DIRECT_OBJC_ISA_USAGE = YES_ERROR;
				CLANG_WARN_DOCUMENTATION_COMMENTS = YES;
				CLANG_WARN_EMPTY_BODY = YES;
				CLANG_WARN_ENUM_CONVERSION = YES;
				CLANG_WARN_INFINITE_RECURSION = YES;
				CLANG_WARN_INT_CONVERSION = YES;
				CLANG_WARN_NON_LITERAL_NULL_CONVERSION = YES;
				CLANG_WARN_OBJC_LITERAL_CONVERSION = YES;
				CLANG_WARN_OBJC_ROOT_CLASS = YES_ERROR;
				CLANG_WARN_RANGE_LOOP_ANALYSIS = YES;
				CLANG_WARN_STRICT_PROTOTYPES = YES;
				CLANG_WARN_SUSPICIOUS_MOVE = YES;
				CLANG_WARN_UNGUARDED_AVAILABILITY = YES_AGGRESSIVE;
				CLANG_WARN_UNREACHABLE_CODE = YES;
				CLANG_WARN__DUPLICATE_METHOD_MATCH = YES;
				CODE_SIGN_IDENTITY = "-";
				COPY_PHASE_STRIP = NO;
				DEBUG_INFORMATION_FORMAT = "dwarf-with-dsym";
				ENABLE_NS_ASSERTIONS = NO;
				ENABLE_STRICT_OBJC_MSGSEND = YES;
				GCC_C_LANGUAGE_STANDARD = gnu11;
				GCC_NO_COMMON_BLOCKS = YES;
				GCC_WARN_64_TO_32_BIT_CONVERSION = YES;
				GCC_WARN_ABOUT_RETURN_TYPE = YES_ERROR;
				GCC_WARN_UNDECLARED_SELECTOR = YES;
				GCC_WARN_UNINITIALIZED_AUTOS = YES_AGGRESSIVE;
				GCC_WARN_UNUSED_FUNCTION = YES;
				GCC_WARN_UNUSED_VARIABLE = YES;
				MACOSX_DEPLOYMENT_TARGET = 10.12;
				MTL_ENABLE_DEBUG_INFO = NO;
				SDKROOT = macosx;
				SWIFT_OPTIMIZATION_LEVEL = "-Owholemodule";
			};
			name = Release;
		};
		AD988B911F1D23CB002C6B61 /* Debug */ = {
			isa = XCBuildConfiguration;
			buildSettings = {
				ASSETCATALOG_COMPILER_APPICON_NAME = AppIcon;
				CODE_SIGN_IDENTITY = "Mac Developer";
				CODE_SIGN_STYLE = Automatic;
				COMBINE_HIDPI_IMAGES = YES;
				DEVELOPMENT_TEAM = UPZ6944FPT;
				INFOPLIST_FILE = "$(SRCROOT)/tassk/Info.plist";
				LD_RUNPATH_SEARCH_PATHS = "$(inherited) @executable_path/../Frameworks";
				MACOSX_DEPLOYMENT_TARGET = 10.10;
				PRODUCT_BUNDLE_IDENTIFIER = com.frknhatipoglu.tassk;
				PRODUCT_NAME = "$(TARGET_NAME)";
				PROVISIONING_PROFILE_SPECIFIER = "";
				SWIFT_VERSION = 4.0;
			};
			name = Debug;
		};
		AD988B921F1D23CB002C6B61 /* Release */ = {
			isa = XCBuildConfiguration;
			buildSettings = {
				ASSETCATALOG_COMPILER_APPICON_NAME = AppIcon;
				CODE_SIGN_IDENTITY = "Mac Developer";
				CODE_SIGN_STYLE = Automatic;
				COMBINE_HIDPI_IMAGES = YES;
				DEVELOPMENT_TEAM = UPZ6944FPT;
				INFOPLIST_FILE = "$(SRCROOT)/tassk/Info.plist";
				LD_RUNPATH_SEARCH_PATHS = "$(inherited) @executable_path/../Frameworks";
				MACOSX_DEPLOYMENT_TARGET = 10.10;
				PRODUCT_BUNDLE_IDENTIFIER = com.frknhatipoglu.tassk;
				PRODUCT_NAME = "$(TARGET_NAME)";
				PROVISIONING_PROFILE_SPECIFIER = "";
				SWIFT_VERSION = 4.0;
			};
			name = Release;
		};
/* End XCBuildConfiguration section */

/* Begin XCConfigurationList section */
		AD988B7B1F1D23CB002C6B61 /* Build configuration list for PBXProject "tassk" */ = {
			isa = XCConfigurationList;
			buildConfigurations = (
				AD988B8E1F1D23CB002C6B61 /* Debug */,
				AD988B8F1F1D23CB002C6B61 /* Release */,
			);
			defaultConfigurationIsVisible = 0;
			defaultConfigurationName = Release;
		};
		AD988B901F1D23CB002C6B61 /* Build configuration list for PBXNativeTarget "tassk" */ = {
			isa = XCConfigurationList;
			buildConfigurations = (
				AD988B911F1D23CB002C6B61 /* Debug */,
				AD988B921F1D23CB002C6B61 /* Release */,
			);
			defaultConfigurationIsVisible = 0;
			defaultConfigurationName = Release;
		};
/* End XCConfigurationList section */
	};
	rootObject = AD988B781F1D23CB002C6B61 /* Project object */;
}
